lockfileVersion: 5.4

specifiers:
  jose: ^4.10.0

dependencies:
  jose: registry.npmmirror.com/jose/4.10.0

packages:

  registry.npmmirror.com/jose/4.10.0:
    resolution: {integrity: sha512-KEhB/eLGLomWGPTb+/RNbYsTjIyx03JmbqAyIyiXBuNSa7CmNrJd5ysFhblayzs/e/vbOPMUaLnjHUMhGp4yLw==, registry: https://registry.npm.taobao.org/, tarball: https://registry.npmmirror.com/jose/-/jose-4.10.0.tgz}
    name: jose
    version: 4.10.0
    dev: false
