lockfileVersion: 5.3

specifiers:
  protobufjs: ^6.11.2

dependencies:
  protobufjs: registry.npmmirror.com/protobufjs/6.11.2

packages:

  registry.npmmirror.com/@protobufjs/aspromise/1.1.2:
    resolution: {integrity: sha512-j+gKExEuLmKwvz3OgROXtrJ2UG2x8Ch2YZUxahh+s1F2HZ+wAceUNLkvy6zKCPVRkU++ZWQrdxsUeQXmcg4uoQ==, registry: https://registry.npm.taobao.org/, tarball: https://registry.npmmirror.com/@protobufjs/aspromise/-/aspromise-1.1.2.tgz}
    name: '@protobufjs/aspromise'
    version: 1.1.2
    dev: false

  registry.npmmirror.com/@protobufjs/base64/1.1.2:
    resolution: {integrity: sha512-AZkcAA5vnN/v4PDqKyMR5lx7hZttPDgClv83E//FMNhR2TMcLUhfRUBHCmSl0oi9zMgDDqRUJkSxO3wm85+XLg==, registry: https://registry.npm.taobao.org/, tarball: https://registry.npmmirror.com/@protobufjs/base64/-/base64-1.1.2.tgz}
    name: '@protobufjs/base64'
    version: 1.1.2
    dev: false

  registry.npmmirror.com/@protobufjs/codegen/2.0.4:
    resolution: {integrity: sha512-YyFaikqM5sH0ziFZCN3xDC7zeGaB/d0IUb9CATugHWbd1FRFwWwt4ld4OYMPWu5a3Xe01mGAULCdqhMlPl29Jg==, registry: https://registry.npm.taobao.org/, tarball: https://registry.npmmirror.com/@protobufjs/codegen/-/codegen-2.0.4.tgz}
    name: '@protobufjs/codegen'
    version: 2.0.4
    dev: false

  registry.npmmirror.com/@protobufjs/eventemitter/1.1.0:
    resolution: {integrity: sha512-j9ednRT81vYJ9OfVuXG6ERSTdEL1xVsNgqpkxMsbIabzSo3goCjDIveeGv5d03om39ML71RdmrGNjG5SReBP/Q==, registry: https://registry.npm.taobao.org/, tarball: https://registry.npmmirror.com/@protobufjs/eventemitter/-/eventemitter-1.1.0.tgz}
    name: '@protobufjs/eventemitter'
    version: 1.1.0
    dev: false

  registry.npmmirror.com/@protobufjs/fetch/1.1.0:
    resolution: {integrity: sha512-lljVXpqXebpsijW71PZaCYeIcE5on1w5DlQy5WH6GLbFryLUrBD4932W/E2BSpfRJWseIL4v/KPgBFxDOIdKpQ==, registry: https://registry.npm.taobao.org/, tarball: https://registry.npmmirror.com/@protobufjs/fetch/-/fetch-1.1.0.tgz}
    name: '@protobufjs/fetch'
    version: 1.1.0
    dependencies:
      '@protobufjs/aspromise': registry.npmmirror.com/@protobufjs/aspromise/1.1.2
      '@protobufjs/inquire': registry.npmmirror.com/@protobufjs/inquire/1.1.0
    dev: false

  registry.npmmirror.com/@protobufjs/float/1.0.2:
    resolution: {integrity: sha512-Ddb+kVXlXst9d+R9PfTIxh1EdNkgoRe5tOX6t01f1lYWOvJnSPDBlG241QLzcyPdoNTsblLUdujGSE4RzrTZGQ==, registry: https://registry.npm.taobao.org/, tarball: https://registry.npmmirror.com/@protobufjs/float/-/float-1.0.2.tgz}
    name: '@protobufjs/float'
    version: 1.0.2
    dev: false

  registry.npmmirror.com/@protobufjs/inquire/1.1.0:
    resolution: {integrity: sha512-kdSefcPdruJiFMVSbn801t4vFK7KB/5gd2fYvrxhuJYg8ILrmn9SKSX2tZdV6V+ksulWqS7aXjBcRXl3wHoD9Q==, registry: https://registry.npm.taobao.org/, tarball: https://registry.npmmirror.com/@protobufjs/inquire/-/inquire-1.1.0.tgz}
    name: '@protobufjs/inquire'
    version: 1.1.0
    dev: false

  registry.npmmirror.com/@protobufjs/path/1.1.2:
    resolution: {integrity: sha512-6JOcJ5Tm08dOHAbdR3GrvP+yUUfkjG5ePsHYczMFLq3ZmMkAD98cDgcT2iA1lJ9NVwFd4tH/iSSoe44YWkltEA==, registry: https://registry.npm.taobao.org/, tarball: https://registry.npmmirror.com/@protobufjs/path/-/path-1.1.2.tgz}
    name: '@protobufjs/path'
    version: 1.1.2
    dev: false

  registry.npmmirror.com/@protobufjs/pool/1.1.0:
    resolution: {integrity: sha512-0kELaGSIDBKvcgS4zkjz1PeddatrjYcmMWOlAuAPwAeccUrPHdUqo/J6LiymHHEiJT5NrF1UVwxY14f+fy4WQw==, registry: https://registry.npm.taobao.org/, tarball: https://registry.npmmirror.com/@protobufjs/pool/-/pool-1.1.0.tgz}
    name: '@protobufjs/pool'
    version: 1.1.0
    dev: false

  registry.npmmirror.com/@protobufjs/utf8/1.1.0:
    resolution: {integrity: sha512-Vvn3zZrhQZkkBE8LSuW3em98c0FwgO4nxzv6OdSxPKJIEKY2bGbHn+mhGIPerzI4twdxaP8/0+06HBpwf345Lw==, registry: https://registry.npm.taobao.org/, tarball: https://registry.npmmirror.com/@protobufjs/utf8/-/utf8-1.1.0.tgz}
    name: '@protobufjs/utf8'
    version: 1.1.0
    dev: false

  registry.npmmirror.com/@types/long/4.0.1:
    resolution: {integrity: sha512-5tXH6Bx/kNGd3MgffdmP4dy2Z+G4eaXw0SE81Tq3BNadtnMR5/ySMzX4SLEzHJzSmPNn4HIdpQsBvXMUykr58w==, registry: https://registry.npm.taobao.org/, tarball: https://registry.npmmirror.com/@types/long/-/long-4.0.1.tgz}
    name: '@types/long'
    version: 4.0.1
    dev: false

  registry.npmmirror.com/@types/node/17.0.23:
    resolution: {integrity: sha512-UxDxWn7dl97rKVeVS61vErvw086aCYhDLyvRQZ5Rk65rZKepaFdm53GeqXaKBuOhED4e9uWq34IC3TdSdJJ2Gw==, registry: https://registry.npm.taobao.org/, tarball: https://registry.npmmirror.com/@types/node/-/node-17.0.23.tgz}
    name: '@types/node'
    version: 17.0.23
    dev: false

  registry.npmmirror.com/long/4.0.0:
    resolution: {integrity: sha512-XsP+KhQif4bjX1kbuSiySJFNAehNxgLb6hPRGJ9QsUr8ajHkuXGdrHmFUTUUXhDwVX2R5bY4JNZEwbUiMhV+MA==, registry: https://registry.npm.taobao.org/, tarball: https://registry.npmmirror.com/long/-/long-4.0.0.tgz}
    name: long
    version: 4.0.0
    dev: false

  registry.npmmirror.com/protobufjs/6.11.2:
    resolution: {integrity: sha512-4BQJoPooKJl2G9j3XftkIXjoC9C0Av2NOrWmbLWT1vH32GcSUHjM0Arra6UfTsVyfMAuFzaLucXn1sadxJydAw==, registry: https://registry.npm.taobao.org/, tarball: https://registry.npmmirror.com/protobufjs/-/protobufjs-6.11.2.tgz}
    name: protobufjs
    version: 6.11.2
    hasBin: true
    requiresBuild: true
    dependencies:
      '@protobufjs/aspromise': registry.npmmirror.com/@protobufjs/aspromise/1.1.2
      '@protobufjs/base64': registry.npmmirror.com/@protobufjs/base64/1.1.2
      '@protobufjs/codegen': registry.npmmirror.com/@protobufjs/codegen/2.0.4
      '@protobufjs/eventemitter': registry.npmmirror.com/@protobufjs/eventemitter/1.1.0
      '@protobufjs/fetch': registry.npmmirror.com/@protobufjs/fetch/1.1.0
      '@protobufjs/float': registry.npmmirror.com/@protobufjs/float/1.0.2
      '@protobufjs/inquire': registry.npmmirror.com/@protobufjs/inquire/1.1.0
      '@protobufjs/path': registry.npmmirror.com/@protobufjs/path/1.1.2
      '@protobufjs/pool': registry.npmmirror.com/@protobufjs/pool/1.1.0
      '@protobufjs/utf8': registry.npmmirror.com/@protobufjs/utf8/1.1.0
      '@types/long': registry.npmmirror.com/@types/long/4.0.1
      '@types/node': registry.npmmirror.com/@types/node/17.0.23
      long: registry.npmmirror.com/long/4.0.0
    dev: false
